
Microsoft Visual Studio Solution File, Format Version 12.00
# Visual Studio Version 16
VisualStudioVersion = 16.0.29318.209
MinimumVisualStudioVersion = 10.0.40219.1
Project("{9A19103F-16F7-4668-BE54-9A1E7A4F7556}") = "Recademy", "Recademy\Recademy.csproj", "{2D8182CF-19D6-46FC-ADD5-A98E313AD2B8}"
EndProject
Project("{FAE04EC0-301F-11D3-BF4B-00C04F79EFBC}") = "Mock", "Mock\Mock.csproj", "{44EF1379-6CE9-41B6-B5D4-FA4917D19AA1}"
EndProject
Global
	GlobalSection(SolutionConfigurationPlatforms) = preSolution
		Debug|Any CPU = Debug|Any CPU
		Release|Any CPU = Release|Any CPU
	EndGlobalSection
	GlobalSection(ProjectConfigurationPlatforms) = postSolution
		{2D8182CF-19D6-46FC-ADD5-A98E313AD2B8}.Debug|Any CPU.ActiveCfg = Debug|Any CPU
		{2D8182CF-19D6-46FC-ADD5-A98E313AD2B8}.Debug|Any CPU.Build.0 = Debug|Any CPU
		{2D8182CF-19D6-46FC-ADD5-A98E313AD2B8}.Release|Any CPU.ActiveCfg = Release|Any CPU
		{2D8182CF-19D6-46FC-ADD5-A98E313AD2B8}.Release|Any CPU.Build.0 = Release|Any CPU
		{44EF1379-6CE9-41B6-B5D4-FA4917D19AA1}.Debug|Any CPU.ActiveCfg = Debug|Any CPU
		{44EF1379-6CE9-41B6-B5D4-FA4917D19AA1}.Debug|Any CPU.Build.0 = Debug|Any CPU
		{44EF1379-6CE9-41B6-B5D4-FA4917D19AA1}.Release|Any CPU.ActiveCfg = Release|Any CPU
		{44EF1379-6CE9-41B6-B5D4-FA4917D19AA1}.Release|Any CPU.Build.0 = Release|Any CPU
	EndGlobalSection
	GlobalSection(SolutionProperties) = preSolution
		HideSolutionNode = FALSE
	EndGlobalSection
	GlobalSection(ExtensibilityGlobals) = postSolution
		SolutionGuid = {C366F351-D096-49EA-A006-45804ADF5960}
	EndGlobalSection
EndGlobal
